
Microsoft Visual Studio Solution File, Format Version 11.00
# Visual Studio 2010
Project("{FAE04EC0-301F-11D3-BF4B-00C04F79EFBC}") = "K12.Graduation.Modules", "K12.Graduation.Modules.csproj", "{00F02A28-D159-4B22-86EB-49CCD7B97E2C}"
EndProject
Global
	GlobalSection(TeamFoundationVersionControl) = preSolution
		SccNumberOfProjects = 2
		SccEnterpriseProvider = {4CA58AB2-18FA-4F8D-95D4-32DDF27D184C}
		SccTeamFoundationServer = http://tfserver.ischool.com.tw:8080/tfs/tfs2008
		SccLocalPath0 = .
		SccProjectUniqueName1 = K12.Graduation.Modules.csproj
		SccLocalPath1 = .
	EndGlobalSection
	GlobalSection(SolutionConfigurationPlatforms) = preSolution
		Debug|Any CPU = Debug|Any CPU
		Release|Any CPU = Release|Any CPU
	EndGlobalSection
	GlobalSection(ProjectConfigurationPlatforms) = postSolution
		{00F02A28-D159-4B22-86EB-49CCD7B97E2C}.Debug|Any CPU.ActiveCfg = Debug|Any CPU
		{00F02A28-D159-4B22-86EB-49CCD7B97E2C}.Debug|Any CPU.Build.0 = Debug|Any CPU
		{00F02A28-D159-4B22-86EB-49CCD7B97E2C}.Release|Any CPU.ActiveCfg = Release|Any CPU
		{00F02A28-D159-4B22-86EB-49CCD7B97E2C}.Release|Any CPU.Build.0 = Release|Any CPU
	EndGlobalSection
	GlobalSection(SolutionProperties) = preSolution
		HideSolutionNode = FALSE
	EndGlobalSection
EndGlobal
